<?xml version="1.0" encoding="utf-8"?>
<Project ToolsVersion="4.0" xmlns="http://schemas.microsoft.com/developer/msbuild/2003">
  <ItemGroup>
    <Filter Include="Source Files">
      <UniqueIdentifier>{4FC737F1-C7A5-4376-A066-2A32D752A2FF}</UniqueIdentifier>
      <Extensions>cpp;c;cc;cxx;c++;cppm;ixx;def;odl;idl;hpj;bat;asm;asmx</Extensions>
    </Filter>
    <Filter Include="Header Files">
      <UniqueIdentifier>{93995380-89BD-4b04-88EB-625FBE52EBFB}</UniqueIdentifier>
      <Extensions>h;hh;hpp;hxx;h++;hm;inl;inc;ipp;xsd</Extensions>
    </Filter>
    <Filter Include="Resource Files">
      <UniqueIdentifier>{67DA6AB6-F800-4c08-8B7A-83BB121AAD01}</UniqueIdentifier>
      <Extensions>rc;ico;cur;bmp;dlg;rc2;rct;bin;rgs;gif;jpg;jpeg;jpe;resx;tiff;tif;png;wav;mfcribbon-ms</Extensions>
    </Filter>
  </ItemGroup>
  <ItemGroup>
    <ClCompile Include="main.cpp">
      <Filter>Source Files</Filter>
    </ClCompile>
    <ClCompile Include="deps\imgui\imgui.cpp">
      <Filter>Source Files</Filter>
    </ClCompile>
    <ClCompile Include="deps\imgui\imgui_demo.cpp">
      <Filter>Source Files</Filter>
    </ClCompile>
    <ClCompile Include="deps\imgui\imgui_draw.cpp">
      <Filter>Source Files</Filter>
    </ClCompile>
    <ClCompile Include="deps\imgui\imgui_impl_dx11.cpp">
      <Filter>Source Files</Filter>
    </ClCompile>
    <ClCompile Include="deps\imgui\imgui_impl_win32.cpp">
      <Filter>Source Files</Filter>
    </ClCompile>
    <ClCompile Include="deps\imgui\imgui_tables.cpp">
      <Filter>Source Files</Filter>
    </ClCompile>
    <ClCompile Include="deps\imgui\imgui_widgets.cpp">
      <Filter>Source Files</Filter>
    </ClCompile>
    <ClCompile Include="deps\overlay\overlay.cpp">
      <Filter>Source Files</Filter>
    </ClCompile>
    <ClCompile Include="engine\game\game.cpp">
      <Filter>Source Files</Filter>
    </ClCompile>
    <ClCompile Include="engine\player\player.cpp">
      <Filter>Source Files</Filter>
    </ClCompile>
    <ClCompile Include="engine\threading\game_thread.cpp">
      <Filter>Source Files</Filter>
    </ClCompile>
    <ClCompile Include="engine\threading\player_thread.cpp">
      <Filter>Source Files</Filter>
    </ClCompile>
    <ClCompile Include="core\rendering\draw_primitives.cpp">
      <Filter>Source Files</Filter>
    </ClCompile>
    <ClCompile Include="core\rendering\render_utils.cpp">
      <Filter>Source Files</Filter>
    </ClCompile>
    <ClCompile Include="engine\camera\camera.cpp">
      <Filter>Source Files</Filter>
    </ClCompile>
    <ClCompile Include="core\systems\visuals\visuals.cpp">
      <Filter>Source Files</Filter>
    </ClCompile>
    <ClCompile Include="core\systems\player_loop.cpp">
      <Filter>Source Files</Filter>
    </ClCompile>
    <ClCompile Include="core\render_loop.cpp">
      <Filter>Source Files</Filter>
    </ClCompile>
    <ClCompile Include="core\menu\menu.cpp">
      <Filter>Source Files</Filter>
    </ClCompile>
  </ItemGroup>
  <ItemGroup>
    <ClInclude Include="include\includes.h">
      <Filter>Header Files</Filter>
    </ClInclude>
    <ClInclude Include="deps\crypter\sk.h">
      <Filter>Header Files</Filter>
    </ClInclude>
    <ClInclude Include="deps\imgui\imconfig.h">
      <Filter>Header Files</Filter>
    </ClInclude>
    <ClInclude Include="deps\imgui\imgui.h">
      <Filter>Header Files</Filter>
    </ClInclude>
    <ClInclude Include="deps\imgui\imgui_impl_dx11.h">
      <Filter>Header Files</Filter>
    </ClInclude>
    <ClInclude Include="deps\imgui\imgui_impl_win32.h">
      <Filter>Header Files</Filter>
    </ClInclude>
    <ClInclude Include="deps\imgui\imgui_internal.h">
      <Filter>Header Files</Filter>
    </ClInclude>
    <ClInclude Include="deps\imgui\imstb_rectpack.h">
      <Filter>Header Files</Filter>
    </ClInclude>
    <ClInclude Include="deps\imgui\imstb_textedit.h">
      <Filter>Header Files</Filter>
    </ClInclude>
    <ClInclude Include="deps\imgui\imstb_truetype.h">
      <Filter>Header Files</Filter>
    </ClInclude>
    <ClInclude Include="deps\math\structs.h">
      <Filter>Header Files</Filter>
    </ClInclude>
    <ClInclude Include="deps\memory\mem.h">
      <Filter>Header Files</Filter>
    </ClInclude>
    <ClInclude Include="deps\overlay\overlay.h">
      <Filter>Header Files</Filter>
    </ClInclude>
    <ClInclude Include="engine\impl\offsets.h">
      <Filter>Header Files</Filter>
    </ClInclude>
    <ClInclude Include="engine\game\game.h">
      <Filter>Header Files</Filter>
    </ClInclude>
    <ClInclude Include="engine\player\player.h">
      <Filter>Header Files</Filter>
    </ClInclude>
    <ClInclude Include="engine\player\player_utils.h">
      <Filter>Header Files</Filter>
    </ClInclude>
    <ClInclude Include="engine\threading\game_thread.h">
      <Filter>Header Files</Filter>
    </ClInclude>
    <ClInclude Include="engine\threading\player_thread.h">
      <Filter>Header Files</Filter>
    </ClInclude>
    <ClInclude Include="core\rendering\render_utils.h">
      <Filter>Header Files</Filter>
    </ClInclude>
    <ClInclude Include="core\rendering\draw_primitives.h">
      <Filter>Header Files</Filter>
    </ClInclude>
    <ClInclude Include="engine\camera\camera.h">
      <Filter>Header Files</Filter>
    </ClInclude>
    <ClInclude Include="core\systems\visuals\visuals.h">
      <Filter>Header Files</Filter>
    </ClInclude>
    <ClInclude Include="core\systems\player_loop.h">
      <Filter>Header Files</Filter>
    </ClInclude>
    <ClInclude Include="core\render_loop.h">
      <Filter>Header Files</Filter>
    </ClInclude>
    <ClInclude Include="core\menu\menu.h">
      <Filter>Header Files</Filter>
    </ClInclude>
  </ItemGroup>
</Project>